
Microsoft Visual Studio Solution File, Format Version 1***REMOVED***.00
# Visual Studio Version 17
VisualStudioVersion = 17.1***REMOVED***.35707.178 d17.1***REMOVED***
MinimumVisualStudioVersion = 10.0.40***REMOVED***19.1
Project("{FAE04EC0-301F-11D3-BF4B-00C04F79EFBC}") = "***REMOVED***", "***REMOVED***\***REMOVED***.csproj", "{***REMOVED***54591***REMOVED***A-FACB-446***REMOVED***-AD9***REMOVED***-A6F***REMOVED***C981A197}"
EndProject
Global
	GlobalSection(SolutionConfigurationPlatforms) = preSolution
		Debug|Any CPU = Debug|Any CPU
		Release|Any CPU = Release|Any CPU
	EndGlobalSection
	GlobalSection(ProjectConfigurationPlatforms) = postSolution
		{***REMOVED***54591***REMOVED***A-FACB-446***REMOVED***-AD9***REMOVED***-A6F***REMOVED***C981A197}.Debug|Any CPU.ActiveCfg = Debug|Any CPU
		{***REMOVED***54591***REMOVED***A-FACB-446***REMOVED***-AD9***REMOVED***-A6F***REMOVED***C981A197}.Debug|Any CPU.Build.0 = Debug|Any CPU
		{***REMOVED***54591***REMOVED***A-FACB-446***REMOVED***-AD9***REMOVED***-A6F***REMOVED***C981A197}.Release|Any CPU.ActiveCfg = Release|Any CPU
		{***REMOVED***54591***REMOVED***A-FACB-446***REMOVED***-AD9***REMOVED***-A6F***REMOVED***C981A197}.Release|Any CPU.Build.0 = Release|Any CPU
	EndGlobalSection
	GlobalSection(SolutionProperties) = preSolution
		HideSolutionNode = FALSE
	EndGlobalSection
EndGlobal
